
Microsoft Visual Studio Solution File, Format Version 12.00
# Visual Studio Version 17
VisualStudioVersion = 17.4.33110.190
MinimumVisualStudioVersion = 10.0.40219.1
Project("{9A19103F-16F7-4668-BE54-9A1E7A4F7556}") = "EntityFrameworkNews", "EntityFrameworkNews\EntityFrameworkNews.csproj", "{904E066E-84DF-46CE-BC7E-D53C85E7667C}"
EndProject
Project("{FAE04EC0-301F-11D3-BF4B-00C04F79EFBC}") = "FirstVsSingle", "FirstVsSingle\FirstVsSingle.csproj", "{229A0DD9-89B5-43D3-AC6C-210ED4C32D31}"
EndProject
Global
	GlobalSection(SolutionConfigurationPlatforms) = preSolution
		Debug|Any CPU = Debug|Any CPU
		Debug|x64 = Debug|x64
		Release|Any CPU = Release|Any CPU
		Release|x64 = Release|x64
	EndGlobalSection
	GlobalSection(ProjectConfigurationPlatforms) = postSolution
		{904E066E-84DF-46CE-BC7E-D53C85E7667C}.Debug|Any CPU.ActiveCfg = Debug|Any CPU
		{904E066E-84DF-46CE-BC7E-D53C85E7667C}.Debug|Any CPU.Build.0 = Debug|Any CPU
		{904E066E-84DF-46CE-BC7E-D53C85E7667C}.Debug|x64.ActiveCfg = Debug|x64
		{904E066E-84DF-46CE-BC7E-D53C85E7667C}.Debug|x64.Build.0 = Debug|x64
		{904E066E-84DF-46CE-BC7E-D53C85E7667C}.Release|Any CPU.ActiveCfg = Release|Any CPU
		{904E066E-84DF-46CE-BC7E-D53C85E7667C}.Release|Any CPU.Build.0 = Release|Any CPU
		{904E066E-84DF-46CE-BC7E-D53C85E7667C}.Release|x64.ActiveCfg = Release|x64
		{904E066E-84DF-46CE-BC7E-D53C85E7667C}.Release|x64.Build.0 = Release|x64
		{229A0DD9-89B5-43D3-AC6C-210ED4C32D31}.Debug|Any CPU.ActiveCfg = Debug|Any CPU
		{229A0DD9-89B5-43D3-AC6C-210ED4C32D31}.Debug|Any CPU.Build.0 = Debug|Any CPU
		{229A0DD9-89B5-43D3-AC6C-210ED4C32D31}.Debug|x64.ActiveCfg = Debug|Any CPU
		{229A0DD9-89B5-43D3-AC6C-210ED4C32D31}.Debug|x64.Build.0 = Debug|Any CPU
		{229A0DD9-89B5-43D3-AC6C-210ED4C32D31}.Release|Any CPU.ActiveCfg = Release|Any CPU
		{229A0DD9-89B5-43D3-AC6C-210ED4C32D31}.Release|Any CPU.Build.0 = Release|Any CPU
		{229A0DD9-89B5-43D3-AC6C-210ED4C32D31}.Release|x64.ActiveCfg = Release|Any CPU
		{229A0DD9-89B5-43D3-AC6C-210ED4C32D31}.Release|x64.Build.0 = Release|Any CPU
	EndGlobalSection
	GlobalSection(SolutionProperties) = preSolution
		HideSolutionNode = FALSE
	EndGlobalSection
	GlobalSection(ExtensibilityGlobals) = postSolution
		SolutionGuid = {73F565A3-BD9D-4904-B55F-16BE46D665EA}
	EndGlobalSection
EndGlobal
